
Microsoft Visual Studio Solution File, Format Version 12.00
# Visual Studio Version 17
VisualStudioVersion = 17.0.32014.148
MinimumVisualStudioVersion = 10.0.40219.1
Project("{9A19103F-16F7-4668-BE54-9A1E7A4F7556}") = "Task_4.1._Files", "Task_4.1._Files\Task_4.1._Files.csproj", "{952DA62B-BA79-4348-A347-55FC64E384F8}"
EndProject
Project("{9A19103F-16F7-4668-BE54-9A1E7A4F7556}") = "GetFolderDirection", "GetFolderDirection\GetFolderDirection.csproj", "{332C8F03-169D-4A36-BA70-B04780BDDE9A}"
EndProject
Project("{9A19103F-16F7-4668-BE54-9A1E7A4F7556}") = "JSON_task4_dll", "JSON_task4_dll\JSON_task4_dll.csproj", "{E092B0B7-B3B0-42AD-8F01-DAC5F2E47813}"
EndProject
Project("{FAE04EC0-301F-11D3-BF4B-00C04F79EFBC}") = "ChangesLogger", "ChangesLogger\ChangesLogger.csproj", "{3EB835AD-C20B-49B2-BB3B-FAFD722F0B0E}"
EndProject
Global
	GlobalSection(SolutionConfigurationPlatforms) = preSolution
		Debug|Any CPU = Debug|Any CPU
		Release|Any CPU = Release|Any CPU
	EndGlobalSection
	GlobalSection(ProjectConfigurationPlatforms) = postSolution
		{952DA62B-BA79-4348-A347-55FC64E384F8}.Debug|Any CPU.ActiveCfg = Debug|Any CPU
		{952DA62B-BA79-4348-A347-55FC64E384F8}.Debug|Any CPU.Build.0 = Debug|Any CPU
		{952DA62B-BA79-4348-A347-55FC64E384F8}.Release|Any CPU.ActiveCfg = Release|Any CPU
		{952DA62B-BA79-4348-A347-55FC64E384F8}.Release|Any CPU.Build.0 = Release|Any CPU
		{332C8F03-169D-4A36-BA70-B04780BDDE9A}.Debug|Any CPU.ActiveCfg = Debug|Any CPU
		{332C8F03-169D-4A36-BA70-B04780BDDE9A}.Debug|Any CPU.Build.0 = Debug|Any CPU
		{332C8F03-169D-4A36-BA70-B04780BDDE9A}.Release|Any CPU.ActiveCfg = Release|Any CPU
		{332C8F03-169D-4A36-BA70-B04780BDDE9A}.Release|Any CPU.Build.0 = Release|Any CPU
		{E092B0B7-B3B0-42AD-8F01-DAC5F2E47813}.Debug|Any CPU.ActiveCfg = Debug|Any CPU
		{E092B0B7-B3B0-42AD-8F01-DAC5F2E47813}.Debug|Any CPU.Build.0 = Debug|Any CPU
		{E092B0B7-B3B0-42AD-8F01-DAC5F2E47813}.Release|Any CPU.ActiveCfg = Release|Any CPU
		{E092B0B7-B3B0-42AD-8F01-DAC5F2E47813}.Release|Any CPU.Build.0 = Release|Any CPU
		{3EB835AD-C20B-49B2-BB3B-FAFD722F0B0E}.Debug|Any CPU.ActiveCfg = Debug|Any CPU
		{3EB835AD-C20B-49B2-BB3B-FAFD722F0B0E}.Debug|Any CPU.Build.0 = Debug|Any CPU
		{3EB835AD-C20B-49B2-BB3B-FAFD722F0B0E}.Release|Any CPU.ActiveCfg = Release|Any CPU
		{3EB835AD-C20B-49B2-BB3B-FAFD722F0B0E}.Release|Any CPU.Build.0 = Release|Any CPU
	EndGlobalSection
	GlobalSection(SolutionProperties) = preSolution
		HideSolutionNode = FALSE
	EndGlobalSection
	GlobalSection(ExtensibilityGlobals) = postSolution
		SolutionGuid = {C8BE8D35-10BF-495F-B1F2-974B1D39F26D}
	EndGlobalSection
EndGlobal
